
Microsoft Visual Studio Solution File, Format Version 11.00
# Visual Studio 2010
Project("{FAE04EC0-301F-11D3-BF4B-00C04F79EFBC}") = "HsKAHolodeck", "Assembly-CSharp.csproj", "{5BFB4502-B32F-C17A-F928-1E6C2DC338B9}"
EndProject
Project("{FAE04EC0-301F-11D3-BF4B-00C04F79EFBC}") = "HsKAHolodeck", "Assembly-CSharp-Editor.csproj", "{21C2441D-07D9-2EC6-E19C-EA240A4F4B7E}"
EndProject
Global
	GlobalSection(SolutionConfigurationPlatforms) = preSolution
		Debug|Any CPU = Debug|Any CPU
		Release|Any CPU = Release|Any CPU
	EndGlobalSection
	GlobalSection(ProjectConfigurationPlatforms) = postSolution
		{5BFB4502-B32F-C17A-F928-1E6C2DC338B9}.Debug|Any CPU.ActiveCfg = Debug|Any CPU
		{5BFB4502-B32F-C17A-F928-1E6C2DC338B9}.Debug|Any CPU.Build.0 = Debug|Any CPU
		{5BFB4502-B32F-C17A-F928-1E6C2DC338B9}.Release|Any CPU.ActiveCfg = Release|Any CPU
		{5BFB4502-B32F-C17A-F928-1E6C2DC338B9}.Release|Any CPU.Build.0 = Release|Any CPU
		{21C2441D-07D9-2EC6-E19C-EA240A4F4B7E}.Debug|Any CPU.ActiveCfg = Debug|Any CPU
		{21C2441D-07D9-2EC6-E19C-EA240A4F4B7E}.Debug|Any CPU.Build.0 = Debug|Any CPU
		{21C2441D-07D9-2EC6-E19C-EA240A4F4B7E}.Release|Any CPU.ActiveCfg = Release|Any CPU
		{21C2441D-07D9-2EC6-E19C-EA240A4F4B7E}.Release|Any CPU.Build.0 = Release|Any CPU
	EndGlobalSection
	GlobalSection(SolutionProperties) = preSolution
		HideSolutionNode = FALSE
	EndGlobalSection
	GlobalSection(MonoDevelopProperties) = preSolution
		StartupItem = Assembly-CSharp.csproj
	EndGlobalSection
EndGlobal
